{
  "version": 4,
  "terraform_version": "1.12.2",
  "serial": 1,
  "lineage": "aec2cbc9-a235-f570-7585-dd202fc6b4ee",
  "outputs": {},
  "resources": [
    {
      "mode": "managed",
      "type": "docker_image",
      "name": "app_image",
      "provider": "provider[\"registry.terraform.io/kreuzwerker/docker\"]",
      "instances": [
        {
          "schema_version": 0,
          "attributes": {
            "build": [],
            "force_remove": null,
            "id": "sha256:92a0df2147833af600ecbb45aaa9e03716f6d41bf9f3f6c3448addf03ea48eddghcr.io/jude1129/my-devops-project:latest",
            "image_id": "sha256:92a0df2147833af600ecbb45aaa9e03716f6d41bf9f3f6c3448addf03ea48edd",
            "keep_locally": true,
            "name": "ghcr.io/jude1129/my-devops-project:latest",
            "platform": null,
            "pull_triggers": null,
            "repo_digest": "ghcr.io/jude1129/my-devops-project@sha256:92a0df2147833af600ecbb45aaa9e03716f6d41bf9f3f6c3448addf03ea48edd",
            "triggers": null
          },
          "sensitive_attributes": [],
          "identity_schema_version": 0,
          "private": "bnVsbA=="
        }
      ]
    }
  ],
  "check_results": null
}
